
Microsoft Visual Studio Solution File, Format Version 12.00
Project("{2150E333-8FDC-42A3-9474-1A3956D46DE8}") = "src", "src", "{97FF4F62-59E7-485A-80A9-15935D022341}"
EndProject
Project("{2150E333-8FDC-42A3-9474-1A3956D46DE8}") = "DemoAvito", "DemoAvito", "{34753C18-A7E9-4673-9EC2-EE61F6B9C9CB}"
EndProject
Project("{2150E333-8FDC-42A3-9474-1A3956D46DE8}") = "Hosts", "Hosts", "{A3A465C9-6D96-4860-8BDA-6DF308266CDC}"
EndProject
Project("{FAE04EC0-301F-11D3-BF4B-00C04F79EFBC}") = "DemoAvito.Api", "src\DemoAvito\Hosts\DemoAvito.Api\DemoAvito.Api.csproj", "{EB0E934C-E391-4EB0-A8F4-6AF3867B9729}"
EndProject
Project("{2150E333-8FDC-42A3-9474-1A3956D46DE8}") = "Contracts", "Contracts", "{9285FF17-2253-42FC-AEF4-D86D40B13959}"
EndProject
Project("{FAE04EC0-301F-11D3-BF4B-00C04F79EFBC}") = "DemoAvito.Contracts", "src\DemoAvito\Contracts\DemoAvito.Contracts\DemoAvito.Contracts.csproj", "{46FEB5A6-ED8B-40DF-BD50-8846659BE9C8}"
EndProject
Project("{2150E333-8FDC-42A3-9474-1A3956D46DE8}") = "Domain", "Domain", "{C6FF3627-FA8C-498C-97C0-ED8E32DB2B4E}"
EndProject
Project("{FAE04EC0-301F-11D3-BF4B-00C04F79EFBC}") = "DemoAvito.Domain", "src\DemoAvito\Domain\DemoAvito.Domain\DemoAvito.Domain.csproj", "{022507EF-0EC0-4343-B155-1BE786F1E559}"
EndProject
Project("{2150E333-8FDC-42A3-9474-1A3956D46DE8}") = "Infrastructure", "Infrastructure", "{D1FA72BA-BF24-4B2F-B191-3C69E221915E}"
EndProject
Project("{FAE04EC0-301F-11D3-BF4B-00C04F79EFBC}") = "DemoAvito.DataAccess", "src\DemoAvito\Infrastructure\DemoAvito.DataAccess\DemoAvito.DataAccess.csproj", "{868C0470-0C51-4576-A229-AE17D5269298}"
EndProject
Project("{FAE04EC0-301F-11D3-BF4B-00C04F79EFBC}") = "DemoAvito.Registrar", "src\DemoAvito\Infrastructure\DemoAvito.Registrar\DemoAvito.Registrar.csproj", "{D44FADDF-5009-44B4-94C5-2D583DC0994A}"
EndProject
Project("{FAE04EC0-301F-11D3-BF4B-00C04F79EFBC}") = "DemoAvito.Migrations", "src\DemoAvito\Infrastructure\DemoAvito.Migrations\DemoAvito.Migrations.csproj", "{DBCF27C3-7F62-49A3-A0BF-525B6800EDDA}"
EndProject
Global
	GlobalSection(SolutionConfigurationPlatforms) = preSolution
		Debug|Any CPU = Debug|Any CPU
		Release|Any CPU = Release|Any CPU
	EndGlobalSection
	GlobalSection(NestedProjects) = preSolution
		{34753C18-A7E9-4673-9EC2-EE61F6B9C9CB} = {97FF4F62-59E7-485A-80A9-15935D022341}
		{A3A465C9-6D96-4860-8BDA-6DF308266CDC} = {34753C18-A7E9-4673-9EC2-EE61F6B9C9CB}
		{EB0E934C-E391-4EB0-A8F4-6AF3867B9729} = {A3A465C9-6D96-4860-8BDA-6DF308266CDC}
		{9285FF17-2253-42FC-AEF4-D86D40B13959} = {34753C18-A7E9-4673-9EC2-EE61F6B9C9CB}
		{46FEB5A6-ED8B-40DF-BD50-8846659BE9C8} = {9285FF17-2253-42FC-AEF4-D86D40B13959}
		{C6FF3627-FA8C-498C-97C0-ED8E32DB2B4E} = {34753C18-A7E9-4673-9EC2-EE61F6B9C9CB}
		{022507EF-0EC0-4343-B155-1BE786F1E559} = {C6FF3627-FA8C-498C-97C0-ED8E32DB2B4E}
		{D1FA72BA-BF24-4B2F-B191-3C69E221915E} = {34753C18-A7E9-4673-9EC2-EE61F6B9C9CB}
		{868C0470-0C51-4576-A229-AE17D5269298} = {D1FA72BA-BF24-4B2F-B191-3C69E221915E}
		{D44FADDF-5009-44B4-94C5-2D583DC0994A} = {D1FA72BA-BF24-4B2F-B191-3C69E221915E}
		{DBCF27C3-7F62-49A3-A0BF-525B6800EDDA} = {D1FA72BA-BF24-4B2F-B191-3C69E221915E}
	EndGlobalSection
	GlobalSection(ProjectConfigurationPlatforms) = postSolution
		{EB0E934C-E391-4EB0-A8F4-6AF3867B9729}.Debug|Any CPU.ActiveCfg = Debug|Any CPU
		{EB0E934C-E391-4EB0-A8F4-6AF3867B9729}.Debug|Any CPU.Build.0 = Debug|Any CPU
		{EB0E934C-E391-4EB0-A8F4-6AF3867B9729}.Release|Any CPU.ActiveCfg = Release|Any CPU
		{EB0E934C-E391-4EB0-A8F4-6AF3867B9729}.Release|Any CPU.Build.0 = Release|Any CPU
		{46FEB5A6-ED8B-40DF-BD50-8846659BE9C8}.Debug|Any CPU.ActiveCfg = Debug|Any CPU
		{46FEB5A6-ED8B-40DF-BD50-8846659BE9C8}.Debug|Any CPU.Build.0 = Debug|Any CPU
		{46FEB5A6-ED8B-40DF-BD50-8846659BE9C8}.Release|Any CPU.ActiveCfg = Release|Any CPU
		{46FEB5A6-ED8B-40DF-BD50-8846659BE9C8}.Release|Any CPU.Build.0 = Release|Any CPU
		{022507EF-0EC0-4343-B155-1BE786F1E559}.Debug|Any CPU.ActiveCfg = Debug|Any CPU
		{022507EF-0EC0-4343-B155-1BE786F1E559}.Debug|Any CPU.Build.0 = Debug|Any CPU
		{022507EF-0EC0-4343-B155-1BE786F1E559}.Release|Any CPU.ActiveCfg = Release|Any CPU
		{022507EF-0EC0-4343-B155-1BE786F1E559}.Release|Any CPU.Build.0 = Release|Any CPU
		{868C0470-0C51-4576-A229-AE17D5269298}.Debug|Any CPU.ActiveCfg = Debug|Any CPU
		{868C0470-0C51-4576-A229-AE17D5269298}.Debug|Any CPU.Build.0 = Debug|Any CPU
		{868C0470-0C51-4576-A229-AE17D5269298}.Release|Any CPU.ActiveCfg = Release|Any CPU
		{868C0470-0C51-4576-A229-AE17D5269298}.Release|Any CPU.Build.0 = Release|Any CPU
		{D44FADDF-5009-44B4-94C5-2D583DC0994A}.Debug|Any CPU.ActiveCfg = Debug|Any CPU
		{D44FADDF-5009-44B4-94C5-2D583DC0994A}.Debug|Any CPU.Build.0 = Debug|Any CPU
		{D44FADDF-5009-44B4-94C5-2D583DC0994A}.Release|Any CPU.ActiveCfg = Release|Any CPU
		{D44FADDF-5009-44B4-94C5-2D583DC0994A}.Release|Any CPU.Build.0 = Release|Any CPU
		{DBCF27C3-7F62-49A3-A0BF-525B6800EDDA}.Debug|Any CPU.ActiveCfg = Debug|Any CPU
		{DBCF27C3-7F62-49A3-A0BF-525B6800EDDA}.Debug|Any CPU.Build.0 = Debug|Any CPU
		{DBCF27C3-7F62-49A3-A0BF-525B6800EDDA}.Release|Any CPU.ActiveCfg = Release|Any CPU
		{DBCF27C3-7F62-49A3-A0BF-525B6800EDDA}.Release|Any CPU.Build.0 = Release|Any CPU
	EndGlobalSection
EndGlobal
