
Microsoft Visual Studio Solution File, Format Version 12.00
Project("{2150E333-8FDC-42A3-9474-1A3956D46DE8}") = "src", "src", "{97FF4F62-59E7-485A-80A9-15935D022341}"
EndProject
Project("{2150E333-8FDC-42A3-9474-1A3956D46DE8}") = "DemoAvito", "DemoAvito", "{34753C18-A7E9-4673-9EC2-EE61F6B9C9CB}"
EndProject
Project("{2150E333-8FDC-42A3-9474-1A3956D46DE8}") = "Hosts", "Hosts", "{A3A465C9-6D96-4860-8BDA-6DF308266CDC}"
EndProject
Project("{FAE04EC0-301F-11D3-BF4B-00C04F79EFBC}") = "DemoAvito.Api", "src\DemoAvito\Hosts\DemoAvito.Api\DemoAvito.Api.csproj", "{EB0E934C-E391-4EB0-A8F4-6AF3867B9729}"
EndProject
Global
	GlobalSection(SolutionConfigurationPlatforms) = preSolution
		Debug|Any CPU = Debug|Any CPU
		Release|Any CPU = Release|Any CPU
	EndGlobalSection
	GlobalSection(NestedProjects) = preSolution
		{34753C18-A7E9-4673-9EC2-EE61F6B9C9CB} = {97FF4F62-59E7-485A-80A9-15935D022341}
		{A3A465C9-6D96-4860-8BDA-6DF308266CDC} = {34753C18-A7E9-4673-9EC2-EE61F6B9C9CB}
		{EB0E934C-E391-4EB0-A8F4-6AF3867B9729} = {A3A465C9-6D96-4860-8BDA-6DF308266CDC}
	EndGlobalSection
	GlobalSection(ProjectConfigurationPlatforms) = postSolution
		{EB0E934C-E391-4EB0-A8F4-6AF3867B9729}.Debug|Any CPU.ActiveCfg = Debug|Any CPU
		{EB0E934C-E391-4EB0-A8F4-6AF3867B9729}.Debug|Any CPU.Build.0 = Debug|Any CPU
		{EB0E934C-E391-4EB0-A8F4-6AF3867B9729}.Release|Any CPU.ActiveCfg = Release|Any CPU
		{EB0E934C-E391-4EB0-A8F4-6AF3867B9729}.Release|Any CPU.Build.0 = Release|Any CPU
	EndGlobalSection
EndGlobal
